
Microsoft Visual Studio Solution File, Format Version 12.00
# Visual Studio Version 17
VisualStudioVersion = 17.7.34031.279
MinimumVisualStudioVersion = 10.0.40219.1
Project("{FAE04EC0-301F-11D3-BF4B-00C04F79EFBC}") = "BookStore", "Book Store\BookStore.csproj", "{6E2A02C9-3CAA-4823-B941-0285930E0188}"
EndProject
Global
	GlobalSection(SolutionConfigurationPlatforms) = preSolution
		Debug|Any CPU = Debug|Any CPU
		Release|Any CPU = Release|Any CPU
	EndGlobalSection
	GlobalSection(ProjectConfigurationPlatforms) = postSolution
		{6E2A02C9-3CAA-4823-B941-0285930E0188}.Debug|Any CPU.ActiveCfg = Debug|Any CPU
		{6E2A02C9-3CAA-4823-B941-0285930E0188}.Debug|Any CPU.Build.0 = Debug|Any CPU
		{6E2A02C9-3CAA-4823-B941-0285930E0188}.Release|Any CPU.ActiveCfg = Release|Any CPU
		{6E2A02C9-3CAA-4823-B941-0285930E0188}.Release|Any CPU.Build.0 = Release|Any CPU
	EndGlobalSection
	GlobalSection(SolutionProperties) = preSolution
		HideSolutionNode = FALSE
	EndGlobalSection
	GlobalSection(ExtensibilityGlobals) = postSolution
		SolutionGuid = {BBC93F1E-5F3F-4C66-AAB3-18FAF7C34A21}
	EndGlobalSection
EndGlobal
